{
    "_readme": [
        "This file locks the dependencies of your project to a known state",
        "Read more about it at https://getcomposer.org/doc/01-basic-usage.md#installing-dependencies",
        "This file is @generated automatically"
    ],
    "content-hash": "aef406dd447181839a2680c6d7e7328d",
    "packages": [
        {
            "name": "d.pitard/mylib",
            "version": "dev-develop",
            "dist": {
                "type": "path",
                "url": "../lib/mylib",
                "reference": "b6581cb305eeaf61c341b692c3e2b4d0a03e2b82"
            },
            "type": "library",
            "extra": {
                "branch-alias": {
                    "dev-develop": "2.x-dev"
                }
            },
            "authors": [
                {
                    "name": "Damien Pitard",
                    "email": "d.pitard@creads.org"
                }
            ]
        }
    ],
    "packages-dev": [],
    "aliases": [],
    "minimum-stability": "dev",
    "stability-flags": [],
    "prefer-stable": true,
    "prefer-lowest": false,
    "platform": [],
    "platform-dev": []
}
